
Microsoft Visual Studio Solution File, Format Version 12.00
# Visual Studio Version 17
VisualStudioVersion = 17.3.32825.248
MinimumVisualStudioVersion = 10.0.40219.1
Project("{FAE04EC0-301F-11D3-BF4B-00C04F79EFBC}") = "MindBoxTestCase", "MindBoxTestCase\MindBoxTestCase.csproj", "{5B1D0234-CE9F-4327-8B1B-A4A07C4C2AF3}"
EndProject
Project("{FAE04EC0-301F-11D3-BF4B-00C04F79EFBC}") = "MindBoxUnitTests", "MindBoxUnitTests\MindBoxUnitTests.csproj", "{1927FC06-E30C-432D-9E53-501E744706CF}"
EndProject
Global
	GlobalSection(SolutionConfigurationPlatforms) = preSolution
		Debug|Any CPU = Debug|Any CPU
		Release|Any CPU = Release|Any CPU
	EndGlobalSection
	GlobalSection(ProjectConfigurationPlatforms) = postSolution
		{5B1D0234-CE9F-4327-8B1B-A4A07C4C2AF3}.Debug|Any CPU.ActiveCfg = Debug|Any CPU
		{5B1D0234-CE9F-4327-8B1B-A4A07C4C2AF3}.Debug|Any CPU.Build.0 = Debug|Any CPU
		{5B1D0234-CE9F-4327-8B1B-A4A07C4C2AF3}.Release|Any CPU.ActiveCfg = Release|Any CPU
		{5B1D0234-CE9F-4327-8B1B-A4A07C4C2AF3}.Release|Any CPU.Build.0 = Release|Any CPU
		{1927FC06-E30C-432D-9E53-501E744706CF}.Debug|Any CPU.ActiveCfg = Debug|Any CPU
		{1927FC06-E30C-432D-9E53-501E744706CF}.Debug|Any CPU.Build.0 = Debug|Any CPU
		{1927FC06-E30C-432D-9E53-501E744706CF}.Release|Any CPU.ActiveCfg = Release|Any CPU
		{1927FC06-E30C-432D-9E53-501E744706CF}.Release|Any CPU.Build.0 = Release|Any CPU
	EndGlobalSection
	GlobalSection(SolutionProperties) = preSolution
		HideSolutionNode = FALSE
	EndGlobalSection
	GlobalSection(ExtensibilityGlobals) = postSolution
		SolutionGuid = {9532D355-E7CA-4B63-8A84-A75014FC5BE3}
	EndGlobalSection
EndGlobal
